
Microsoft Visual Studio Solution File, Format Version 12.00
# Visual Studio Version 17
VisualStudioVersion = 17.2.32630.192
MinimumVisualStudioVersion = 10.0.40219.1
Project("{FAE04EC0-301F-11D3-BF4B-00C04F79EFBC}") = "FiniteAutomatonConverter", "FiniteAutomatonConverter\FiniteAutomatonConverter.csproj", "{914510CF-1DC4-4A04-9B06-0A191A8243F5}"
EndProject
Global
	GlobalSection(SolutionConfigurationPlatforms) = preSolution
		Debug|Any CPU = Debug|Any CPU
		Release|Any CPU = Release|Any CPU
	EndGlobalSection
	GlobalSection(ProjectConfigurationPlatforms) = postSolution
		{914510CF-1DC4-4A04-9B06-0A191A8243F5}.Debug|Any CPU.ActiveCfg = Debug|Any CPU
		{914510CF-1DC4-4A04-9B06-0A191A8243F5}.Debug|Any CPU.Build.0 = Debug|Any CPU
		{914510CF-1DC4-4A04-9B06-0A191A8243F5}.Release|Any CPU.ActiveCfg = Release|Any CPU
		{914510CF-1DC4-4A04-9B06-0A191A8243F5}.Release|Any CPU.Build.0 = Release|Any CPU
	EndGlobalSection
	GlobalSection(SolutionProperties) = preSolution
		HideSolutionNode = FALSE
	EndGlobalSection
	GlobalSection(ExtensibilityGlobals) = postSolution
		SolutionGuid = {3C07F72C-E54B-4A50-8C58-1AF77017D058}
	EndGlobalSection
EndGlobal
